
Microsoft Visual Studio Solution File, Format Version 12.00
# Visual Studio 15
VisualStudioVersion = 15.0.27130.2027
MinimumVisualStudioVersion = 10.0.40219.1
Project("{FAE04EC0-301F-11D3-BF4B-00C04F79EFBC}") = "PicTag", "PicTag\PicTag.csproj", "{BD22FAEA-B7A5-471D-AECE-7D9BDA15318D}"
EndProject
Global
	GlobalSection(SolutionConfigurationPlatforms) = preSolution
		Debug|Any CPU = Debug|Any CPU
		Release|Any CPU = Release|Any CPU
	EndGlobalSection
	GlobalSection(ProjectConfigurationPlatforms) = postSolution
		{BD22FAEA-B7A5-471D-AECE-7D9BDA15318D}.Debug|Any CPU.ActiveCfg = Debug|Any CPU
		{BD22FAEA-B7A5-471D-AECE-7D9BDA15318D}.Debug|Any CPU.Build.0 = Debug|Any CPU
		{BD22FAEA-B7A5-471D-AECE-7D9BDA15318D}.Release|Any CPU.ActiveCfg = Release|Any CPU
		{BD22FAEA-B7A5-471D-AECE-7D9BDA15318D}.Release|Any CPU.Build.0 = Release|Any CPU
	EndGlobalSection
	GlobalSection(SolutionProperties) = preSolution
		HideSolutionNode = FALSE
	EndGlobalSection
	GlobalSection(ExtensibilityGlobals) = postSolution
		SolutionGuid = {CBEC63AF-BAA4-45C6-817F-C5B1AC1E7946}
	EndGlobalSection
EndGlobal
